// !$*UTF8*$!
{
	archiveVersion = 1;
	classes = {
	};
	objectVersion = 46;
	objects = {

/* Begin PBXBuildFile section */
		8114455B1EB20C17003FF430 /* AppDelegate.swift in Sources */ = {isa = PBXBuildFile; fileRef = 8114455A1EB20C17003FF430 /* AppDelegate.swift */; };
		8114455D1EB20C17003FF430 /* ViewController.swift in Sources */ = {isa = PBXBuildFile; fileRef = 8114455C1EB20C17003FF430 /* ViewController.swift */; };
		811445601EB20C17003FF430 /* Main.storyboard in Resources */ = {isa = PBXBuildFile; fileRef = 8114455E1EB20C17003FF430 /* Main.storyboard */; };
		811445621EB20C17003FF430 /* Assets.xcassets in Resources */ = {isa = PBXBuildFile; fileRef = 811445611EB20C17003FF430 /* Assets.xcassets */; };
		811445651EB20C17003FF430 /* LaunchScreen.storyboard in Resources */ = {isa = PBXBuildFile; fileRef = 811445631EB20C17003FF430 /* LaunchScreen.storyboard */; };
		8114456D1EB21948003FF430 /* Calculator.swift in Sources */ = {isa = PBXBuildFile; fileRef = 8114456C1EB21948003FF430 /* Calculator.swift */; };
		81CF518A1EC61ED500A1E777 /* Operation.swift in Sources */ = {isa = PBXBuildFile; fileRef = 81CF51891EC61ED500A1E777 /* Operation.swift */; };
/* End PBXBuildFile section */

/* Begin PBXFileReference section */
		811445571EB20C17003FF430 /* CalculatorTestRun.app */ = {isa = PBXFileReference; explicitFileType = wrapper.application; includeInIndex = 0; path = CalculatorTestRun.app; sourceTree = BUILT_PRODUCTS_DIR; };
		8114455A1EB20C17003FF430 /* AppDelegate.swift */ = {isa = PBXFileReference; lastKnownFileType = sourcecode.swift; path = AppDelegate.swift; sourceTree = "<group>"; };
		8114455C1EB20C17003FF430 /* ViewController.swift */ = {isa = PBXFileReference; lastKnownFileType = sourcecode.swift; path = ViewController.swift; sourceTree = "<group>"; };
		8114455F1EB20C17003FF430 /* Base */ = {isa = PBXFileReference; lastKnownFileType = file.storyboard; name = Base; path = Base.lproj/Main.storyboard; sourceTree = "<group>"; };
		811445611EB20C17003FF430 /* Assets.xcassets */ = {isa = PBXFileReference; lastKnownFileType = folder.assetcatalog; path = Assets.xcassets; sourceTree = "<group>"; };
		811445641EB20C17003FF430 /* Base */ = {isa = PBXFileReference; lastKnownFileType = file.storyboard; name = Base; path = Base.lproj/LaunchScreen.storyboard; sourceTree = "<group>"; };
		811445661EB20C17003FF430 /* Info.plist */ = {isa = PBXFileReference; lastKnownFileType = text.plist.xml; path = Info.plist; sourceTree = "<group>"; };
		8114456C1EB21948003FF430 /* Calculator.swift */ = {isa = PBXFileReference; fileEncoding = 4; lastKnownFileType = sourcecode.swift; path = Calculator.swift; sourceTree = "<group>"; };
		81CF51891EC61ED500A1E777 /* Operation.swift */ = {isa = PBXFileReference; fileEncoding = 4; lastKnownFileType = sourcecode.swift; path = Operation.swift; sourceTree = "<group>"; };
/* End PBXFileReference section */

/* Begin PBXFrameworksBuildPhase section */
		811445541EB20C17003FF430 /* Frameworks */ = {
			isa = PBXFrameworksBuildPhase;
			buildActionMask = 2147483647;
			files = (
			);
			runOnlyForDeploymentPostprocessing = 0;
		};
/* End PBXFrameworksBuildPhase section */

/* Begin PBXGroup section */
		8114454E1EB20C17003FF430 = {
			isa = PBXGroup;
			children = (
				811445591EB20C17003FF430 /* CalculatorTestRun */,
				811445581EB20C17003FF430 /* Products */,
			);
			sourceTree = "<group>";
		};
		811445581EB20C17003FF430 /* Products */ = {
			isa = PBXGroup;
			children = (
				811445571EB20C17003FF430 /* CalculatorTestRun.app */,
			);
			name = Products;
			sourceTree = "<group>";
		};
		811445591EB20C17003FF430 /* CalculatorTestRun */ = {
			isa = PBXGroup;
			children = (
				8114455A1EB20C17003FF430 /* AppDelegate.swift */,
				8114455C1EB20C17003FF430 /* ViewController.swift */,
				8114455E1EB20C17003FF430 /* Main.storyboard */,
				811445611EB20C17003FF430 /* Assets.xcassets */,
				811445631EB20C17003FF430 /* LaunchScreen.storyboard */,
				811445661EB20C17003FF430 /* Info.plist */,
				8114456C1EB21948003FF430 /* Calculator.swift */,
				81CF51891EC61ED500A1E777 /* Operation.swift */,
			);
			path = CalculatorTestRun;
			sourceTree = "<group>";
		};
/* End PBXGroup section */

/* Begin PBXNativeTarget section */
		811445561EB20C17003FF430 /* CalculatorTestRun */ = {
			isa = PBXNativeTarget;
			buildConfigurationList = 811445691EB20C17003FF430 /* Build configuration list for PBXNativeTarget "CalculatorTestRun" */;
			buildPhases = (
				811445531EB20C17003FF430 /* Sources */,
				811445541EB20C17003FF430 /* Frameworks */,
				811445551EB20C17003FF430 /* Resources */,
			);
			buildRules = (
			);
			dependencies = (
			);
			name = CalculatorTestRun;
			productName = CalculatorTestRun;
			productReference = 811445571EB20C17003FF430 /* CalculatorTestRun.app */;
			productType = "com.apple.product-type.application";
		};
/* End PBXNativeTarget section */

/* Begin PBXProject section */
		8114454F1EB20C17003FF430 /* Project object */ = {
			isa = PBXProject;
			attributes = {
				LastSwiftUpdateCheck = 0820;
				LastUpgradeCheck = 0820;
				ORGANIZATIONNAME = "Russell Gordon";
				TargetAttributes = {
					811445561EB20C17003FF430 = {
						CreatedOnToolsVersion = 8.2.1;
						DevelopmentTeam = U2ZN2W2UQJ;
						ProvisioningStyle = Automatic;
					};
				};
			};
			buildConfigurationList = 811445521EB20C17003FF430 /* Build configuration list for PBXProject "CalculatorTestRun" */;
			compatibilityVersion = "Xcode 3.2";
			developmentRegion = English;
			hasScannedForEncodings = 0;
			knownRegions = (
				en,
				Base,
			);
			mainGroup = 8114454E1EB20C17003FF430;
			productRefGroup = 811445581EB20C17003FF430 /* Products */;
			projectDirPath = "";
			projectRoot = "";
			targets = (
				811445561EB20C17003FF430 /* CalculatorTestRun */,
			);
		};
/* End PBXProject section */

/* Begin PBXResourcesBuildPhase section */
		811445551EB20C17003FF430 /* Resources */ = {
			isa = PBXResourcesBuildPhase;
			buildActionMask = 2147483647;
			files = (
				811445651EB20C17003FF430 /* LaunchScreen.storyboard in Resources */,
				811445621EB20C17003FF430 /* Assets.xcassets in Resources */,
				811445601EB20C17003FF430 /* Main.storyboard in Resources */,
			);
			runOnlyForDeploymentPostprocessing = 0;
		};
/* End PBXResourcesBuildPhase section */

/* Begin PBXSourcesBuildPhase section */
		811445531EB20C17003FF430 /* Sources */ = {
			isa = PBXSourcesBuildPhase;
			buildActionMask = 2147483647;
			files = (
				8114455D1EB20C17003FF430 /* ViewController.swift in Sources */,
				8114455B1EB20C17003FF430 /* AppDelegate.swift in Sources */,
				8114456D1EB21948003FF430 /* Calculator.swift in Sources */,
				81CF518A1EC61ED500A1E777 /* Operation.swift in Sources */,
			);
			runOnlyForDeploymentPostprocessing = 0;
		};
/* End PBXSourcesBuildPhase section */

/* Begin PBXVariantGroup section */
		8114455E1EB20C17003FF430 /* Main.storyboard */ = {
			isa = PBXVariantGroup;
			children = (
				8114455F1EB20C17003FF430 /* Base */,
			);
			name = Main.storyboard;
			sourceTree = "<group>";
		};
		811445631EB20C17003FF430 /* LaunchScreen.storyboard */ = {
			isa = PBXVariantGroup;
			children = (
				811445641EB20C17003FF430 /* Base */,
			);
			name = LaunchScreen.storyboard;
			sourceTree = "<group>";
		};
/* End PBXVariantGroup section */

/* Begin XCBuildConfiguration section */
		811445671EB20C17003FF430 /* Debug */ = {
			isa = XCBuildConfiguration;
			buildSettings = {
				ALWAYS_SEARCH_USER_PATHS = NO;
				CLANG_ANALYZER_NONNULL = YES;
				CLANG_CXX_LANGUAGE_STANDARD = "gnu++0x";
				CLANG_CXX_LIBRARY = "libc++";
				CLANG_ENABLE_MODULES = YES;
				CLANG_ENABLE_OBJC_ARC = YES;
				CLANG_WARN_BOOL_CONVERSION = YES;
				CLANG_WARN_CONSTANT_CONVERSION = YES;
				CLANG_WARN_DIRECT_OBJC_ISA_USAGE = YES_ERROR;
				CLANG_WARN_DOCUMENTATION_COMMENTS = YES;
				CLANG_WARN_EMPTY_BODY = YES;
				CLANG_WARN_ENUM_CONVERSION = YES;
				CLANG_WARN_INFINITE_RECURSION = YES;
				CLANG_WARN_INT_CONVERSION = YES;
				CLANG_WARN_OBJC_ROOT_CLASS = YES_ERROR;
				CLANG_WARN_SUSPICIOUS_MOVE = YES;
				CLANG_WARN_UNREACHABLE_CODE = YES;
				CLANG_WARN__DUPLICATE_METHOD_MATCH = YES;
				"CODE_SIGN_IDENTITY[sdk=iphoneos*]" = "iPhone Developer";
				COPY_PHASE_STRIP = NO;
				DEBUG_INFORMATION_FORMAT = dwarf;
				ENABLE_STRICT_OBJC_MSGSEND = YES;
				ENABLE_TESTABILITY = YES;
				GCC_C_LANGUAGE_STANDARD = gnu99;
				GCC_DYNAMIC_NO_PIC = NO;
				GCC_NO_COMMON_BLOCKS = YES;
				GCC_OPTIMIZATION_LEVEL = 0;
				GCC_PREPROCESSOR_DEFINITIONS = (
					"DEBUG=1",
					"$(inherited)",
				);
				GCC_WARN_64_TO_32_BIT_CONVERSION = YES;
				GCC_WARN_ABOUT_RETURN_TYPE = YES_ERROR;
				GCC_WARN_UNDECLARED_SELECTOR = YES;
				GCC_WARN_UNINITIALIZED_AUTOS = YES_AGGRESSIVE;
				GCC_WARN_UNUSED_FUNCTION = YES;
				GCC_WARN_UNUSED_VARIABLE = YES;
				IPHONEOS_DEPLOYMENT_TARGET = 10.2;
				MTL_ENABLE_DEBUG_INFO = YES;
				ONLY_ACTIVE_ARCH = YES;
				SDKROOT = iphoneos;
				SWIFT_ACTIVE_COMPILATION_CONDITIONS = DEBUG;
				SWIFT_OPTIMIZATION_LEVEL = "-Onone";
			};
			name = Debug;
		};
		811445681EB20C17003FF430 /* Release */ = {
			isa = XCBuildConfiguration;
			buildSettings = {
				ALWAYS_SEARCH_USER_PATHS = NO;
				CLANG_ANALYZER_NONNULL = YES;
				CLANG_CXX_LANGUAGE_STANDARD = "gnu++0x";
				CLANG_CXX_LIBRARY = "libc++";
				CLANG_ENABLE_MODULES = YES;
				CLANG_ENABLE_OBJC_ARC = YES;
				CLANG_WARN_BOOL_CONVERSION = YES;
				CLANG_WARN_CONSTANT_CONVERSION = YES;
				CLANG_WARN_DIRECT_OBJC_ISA_USAGE = YES_ERROR;
				CLANG_WARN_DOCUMENTATION_COMMENTS = YES;
				CLANG_WARN_EMPTY_BODY = YES;
				CLANG_WARN_ENUM_CONVERSION = YES;
				CLANG_WARN_INFINITE_RECURSION = YES;
				CLANG_WARN_INT_CONVERSION = YES;
				CLANG_WARN_OBJC_ROOT_CLASS = YES_ERROR;
				CLANG_WARN_SUSPICIOUS_MOVE = YES;
				CLANG_WARN_UNREACHABLE_CODE = YES;
				CLANG_WARN__DUPLICATE_METHOD_MATCH = YES;
				"CODE_SIGN_IDENTITY[sdk=iphoneos*]" = "iPhone Developer";
				COPY_PHASE_STRIP = NO;
				DEBUG_INFORMATION_FORMAT = "dwarf-with-dsym";
				ENABLE_NS_ASSERTIONS = NO;
				ENABLE_STRICT_OBJC_MSGSEND = YES;
				GCC_C_LANGUAGE_STANDARD = gnu99;
				GCC_NO_COMMON_BLOCKS = YES;
				GCC_WARN_64_TO_32_BIT_CONVERSION = YES;
				GCC_WARN_ABOUT_RETURN_TYPE = YES_ERROR;
				GCC_WARN_UNDECLARED_SELECTOR = YES;
				GCC_WARN_UNINITIALIZED_AUTOS = YES_AGGRESSIVE;
				GCC_WARN_UNUSED_FUNCTION = YES;
				GCC_WARN_UNUSED_VARIABLE = YES;
				IPHONEOS_DEPLOYMENT_TARGET = 10.2;
				MTL_ENABLE_DEBUG_INFO = NO;
				SDKROOT = iphoneos;
				SWIFT_OPTIMIZATION_LEVEL = "-Owholemodule";
				VALIDATE_PRODUCT = YES;
			};
			name = Release;
		};
		8114456A1EB20C17003FF430 /* Debug */ = {
			isa = XCBuildConfiguration;
			buildSettings = {
				ASSETCATALOG_COMPILER_APPICON_NAME = AppIcon;
				DEVELOPMENT_TEAM = U2ZN2W2UQJ;
				INFOPLIST_FILE = CalculatorTestRun/Info.plist;
				LD_RUNPATH_SEARCH_PATHS = "$(inherited) @executable_path/Frameworks";
				PRODUCT_BUNDLE_IDENTIFIER = ca.on.rsgc.CalculatorTestRun;
				PRODUCT_NAME = "$(TARGET_NAME)";
				SWIFT_VERSION = 3.0;
			};
			name = Debug;
		};
		8114456B1EB20C17003FF430 /* Release */ = {
			isa = XCBuildConfiguration;
			buildSettings = {
				ASSETCATALOG_COMPILER_APPICON_NAME = AppIcon;
				DEVELOPMENT_TEAM = U2ZN2W2UQJ;
				INFOPLIST_FILE = CalculatorTestRun/Info.plist;
				LD_RUNPATH_SEARCH_PATHS = "$(inherited) @executable_path/Frameworks";
				PRODUCT_BUNDLE_IDENTIFIER = ca.on.rsgc.CalculatorTestRun;
				PRODUCT_NAME = "$(TARGET_NAME)";
				SWIFT_VERSION = 3.0;
			};
			name = Release;
		};
/* End XCBuildConfiguration section */

/* Begin XCConfigurationList section */
		811445521EB20C17003FF430 /* Build configuration list for PBXProject "CalculatorTestRun" */ = {
			isa = XCConfigurationList;
			buildConfigurations = (
				811445671EB20C17003FF430 /* Debug */,
				811445681EB20C17003FF430 /* Release */,
			);
			defaultConfigurationIsVisible = 0;
			defaultConfigurationName = Release;
		};
		811445691EB20C17003FF430 /* Build configuration list for PBXNativeTarget "CalculatorTestRun" */ = {
			isa = XCConfigurationList;
			buildConfigurations = (
				8114456A1EB20C17003FF430 /* Debug */,
				8114456B1EB20C17003FF430 /* Release */,
			);
			defaultConfigurationIsVisible = 0;
			defaultConfigurationName = Release;
		};
/* End XCConfigurationList section */
	};
	rootObject = 8114454F1EB20C17003FF430 /* Project object */;
}
